
Microsoft Visual Studio Solution File, Format Version 11.00
# Visual Studio 2010
Project("{FAE04EC0-301F-11D3-BF4B-00C04F79EFBC}") = "exer pilha UNOPAR COPIA", "exer pilha UNOPAR COPIA\exer pilha UNOPAR COPIA.csproj", "{79356F17-EF2F-47BC-AE8E-E039D87A9C7D}"
EndProject
Global
	GlobalSection(SolutionConfigurationPlatforms) = preSolution
		Debug|x86 = Debug|x86
		Release|x86 = Release|x86
	EndGlobalSection
	GlobalSection(ProjectConfigurationPlatforms) = postSolution
		{79356F17-EF2F-47BC-AE8E-E039D87A9C7D}.Debug|x86.ActiveCfg = Debug|x86
		{79356F17-EF2F-47BC-AE8E-E039D87A9C7D}.Debug|x86.Build.0 = Debug|x86
		{79356F17-EF2F-47BC-AE8E-E039D87A9C7D}.Release|x86.ActiveCfg = Release|x86
		{79356F17-EF2F-47BC-AE8E-E039D87A9C7D}.Release|x86.Build.0 = Release|x86
	EndGlobalSection
	GlobalSection(SolutionProperties) = preSolution
		HideSolutionNode = FALSE
	EndGlobalSection
EndGlobal
