
Microsoft Visual Studio Solution File, Format Version 12.00
# Visual Studio 2012
Project("{FAE04EC0-301F-11D3-BF4B-00C04F79EFBC}") = "teste_heranca_e_polimorfismo_classe", "teste_heranca_e_polimorfismo_classe\teste_heranca_e_polimorfismo_classe.csproj", "{74B576F2-8A30-4890-8BB2-702772507CE4}"
EndProject
Global
	GlobalSection(SolutionConfigurationPlatforms) = preSolution
		Debug|Any CPU = Debug|Any CPU
		Release|Any CPU = Release|Any CPU
	EndGlobalSection
	GlobalSection(ProjectConfigurationPlatforms) = postSolution
		{74B576F2-8A30-4890-8BB2-702772507CE4}.Debug|Any CPU.ActiveCfg = Debug|Any CPU
		{74B576F2-8A30-4890-8BB2-702772507CE4}.Debug|Any CPU.Build.0 = Debug|Any CPU
		{74B576F2-8A30-4890-8BB2-702772507CE4}.Release|Any CPU.ActiveCfg = Release|Any CPU
		{74B576F2-8A30-4890-8BB2-702772507CE4}.Release|Any CPU.Build.0 = Release|Any CPU
	EndGlobalSection
	GlobalSection(SolutionProperties) = preSolution
		HideSolutionNode = FALSE
	EndGlobalSection
EndGlobal
