
Microsoft Visual Studio Solution File, Format Version 12.00
# Visual Studio 2012
Project("{FAE04EC0-301F-11D3-BF4B-00C04F79EFBC}") = "usando_report_teste1", "usando_report_teste1\usando_report_teste1.csproj", "{EF8DB45B-721D-40A8-B34B-7FB2D00B634C}"
EndProject
Global
	GlobalSection(SolutionConfigurationPlatforms) = preSolution
		Debug|Any CPU = Debug|Any CPU
		Release|Any CPU = Release|Any CPU
	EndGlobalSection
	GlobalSection(ProjectConfigurationPlatforms) = postSolution
		{EF8DB45B-721D-40A8-B34B-7FB2D00B634C}.Debug|Any CPU.ActiveCfg = Debug|Any CPU
		{EF8DB45B-721D-40A8-B34B-7FB2D00B634C}.Debug|Any CPU.Build.0 = Debug|Any CPU
		{EF8DB45B-721D-40A8-B34B-7FB2D00B634C}.Release|Any CPU.ActiveCfg = Release|Any CPU
		{EF8DB45B-721D-40A8-B34B-7FB2D00B634C}.Release|Any CPU.Build.0 = Release|Any CPU
	EndGlobalSection
	GlobalSection(SolutionProperties) = preSolution
		HideSolutionNode = FALSE
	EndGlobalSection
EndGlobal
