
Microsoft Visual Studio Solution File, Format Version 12.00
# Visual Studio 2012
Project("{FAE04EC0-301F-11D3-BF4B-00C04F79EFBC}") = "validaCampos_e_formata_objetos", "validaCampos_e_formata_objetos\validaCampos_e_formata_objetos.csproj", "{ADADEEB3-9AD9-46D1-A42F-FF5DB9C38587}"
EndProject
Global
	GlobalSection(SolutionConfigurationPlatforms) = preSolution
		Debug|Any CPU = Debug|Any CPU
		Release|Any CPU = Release|Any CPU
	EndGlobalSection
	GlobalSection(ProjectConfigurationPlatforms) = postSolution
		{ADADEEB3-9AD9-46D1-A42F-FF5DB9C38587}.Debug|Any CPU.ActiveCfg = Debug|Any CPU
		{ADADEEB3-9AD9-46D1-A42F-FF5DB9C38587}.Debug|Any CPU.Build.0 = Debug|Any CPU
		{ADADEEB3-9AD9-46D1-A42F-FF5DB9C38587}.Release|Any CPU.ActiveCfg = Release|Any CPU
		{ADADEEB3-9AD9-46D1-A42F-FF5DB9C38587}.Release|Any CPU.Build.0 = Release|Any CPU
	EndGlobalSection
	GlobalSection(SolutionProperties) = preSolution
		HideSolutionNode = FALSE
	EndGlobalSection
EndGlobal
